<?xml version="1.0" encoding="utf-8"?>
<Project ToolsVersion="4.0" xmlns="http://schemas.microsoft.com/developer/msbuild/2003">
  <ItemGroup>
    <Filter Include="win32">
      <UniqueIdentifier>{84a8ebd7-7cf0-47f6-b75e-d441df67da40}</UniqueIdentifier>
    </Filter>
    <Filter Include="resource">
      <UniqueIdentifier>{715254bc-d70b-4ec5-bf29-467dd3ace079}</UniqueIdentifier>
    </Filter>
    <Filter Include="src">
      <UniqueIdentifier>{bb6c862e-70e9-49d9-81b7-3829a6f50471}</UniqueIdentifier>
    </Filter>
    <Filter Include="src\input">
      <UniqueIdentifier>{c6773c4f-3efc-4b8a-b4d6-bf5cb74d1128}</UniqueIdentifier>
    </Filter>
    <Filter Include="src\unit">
      <UniqueIdentifier>{8e1e1c27-dd45-42fb-b6db-5ae4d909cae9}</UniqueIdentifier>
    </Filter>
    <Filter Include="win32\_debug">
      <UniqueIdentifier>{e6efdaba-b8e1-4b10-9530-e0fcb850ddaf}</UniqueIdentifier>
    </Filter>
    <Filter Include="src\action">
      <UniqueIdentifier>{4f938f70-3856-4be3-86e6-1dbc903d1bbf}</UniqueIdentifier>
    </Filter>
    <Filter Include="src\action\check">
      <UniqueIdentifier>{3a2e8722-53a6-4653-94ca-ca6aa2412957}</UniqueIdentifier>
    </Filter>
  </ItemGroup>
  <ItemGroup>
    <ClCompile Include="main.cpp">
      <Filter>win32</Filter>
    </ClCompile>
    <ClCompile Include="..\Classes\AppDelegate.cpp">
      <Filter>src</Filter>
    </ClCompile>
    <ClCompile Include="..\Classes\input\OPRT_key.cpp">
      <Filter>src\input</Filter>
    </ClCompile>
    <ClCompile Include="..\Classes\input\OPRT_touch.cpp">
      <Filter>src\input</Filter>
    </ClCompile>
    <ClCompile Include="..\Classes\Unit\Obj.cpp">
      <Filter>src\unit</Filter>
    </ClCompile>
    <ClCompile Include="..\Classes\GameScene.cpp">
      <Filter>src</Filter>
    </ClCompile>
    <ClCompile Include="_debug\_DebugConOut.cpp">
      <Filter>win32\_debug</Filter>
    </ClCompile>
    <ClCompile Include="..\Classes\input\OPRT_state.cpp">
      <Filter>src\input</Filter>
    </ClCompile>
    <ClCompile Include="..\Classes\Unit\Player.cpp">
      <Filter>src\unit</Filter>
    </ClCompile>
    <ClCompile Include="..\Classes\AnimMng.cpp">
      <Filter>src</Filter>
    </ClCompile>
    <ClCompile Include="..\Classes\action\Fall.cpp">
      <Filter>src\action</Filter>
    </ClCompile>
    <ClCompile Include="..\Classes\action\Jump.cpp">
      <Filter>src\action</Filter>
    </ClCompile>
    <ClCompile Include="..\Classes\action\MoveLR.cpp">
      <Filter>src\action</Filter>
    </ClCompile>
    <ClCompile Include="..\Classes\action\ActionMng.cpp">
      <Filter>src\action</Filter>
    </ClCompile>
    <ClCompile Include="..\Classes\action\ChangeLR.cpp">
      <Filter>src\action</Filter>
    </ClCompile>
    <ClCompile Include="..\Classes\action\CheckKey.cpp">
      <Filter>src\action\check</Filter>
    </ClCompile>
    <ClCompile Include="..\Classes\action\CheckList.cpp">
      <Filter>src\action\check</Filter>
    </ClCompile>
    <ClCompile Include="..\Classes\action\Colision.cpp">
      <Filter>src\action\check</Filter>
    </ClCompile>
  </ItemGroup>
  <ItemGroup>
    <ClInclude Include="main.h">
      <Filter>win32</Filter>
    </ClInclude>
    <ClInclude Include="..\Classes\AppDelegate.h">
      <Filter>src</Filter>
    </ClInclude>
    <ClInclude Include="..\Classes\input\OPRT_key.h">
      <Filter>src\input</Filter>
    </ClInclude>
    <ClInclude Include="..\Classes\input\OPRT_state.h">
      <Filter>src\input</Filter>
    </ClInclude>
    <ClInclude Include="..\Classes\input\OPRT_touch.h">
      <Filter>src\input</Filter>
    </ClInclude>
    <ClInclude Include="..\Classes\Unit\Obj.h">
      <Filter>src\unit</Filter>
    </ClInclude>
    <ClInclude Include="..\Classes\Unit\Player.h">
      <Filter>src\unit</Filter>
    </ClInclude>
    <ClInclude Include="..\Classes\GameScene.h">
      <Filter>src</Filter>
    </ClInclude>
    <ClInclude Include="_debug\_DebugConOut.h">
      <Filter>win32\_debug</Filter>
    </ClInclude>
    <ClInclude Include="..\Classes\AnimMng.h">
      <Filter>src</Filter>
    </ClInclude>
    <ClInclude Include="..\Classes\action\Fall.h">
      <Filter>src\action</Filter>
    </ClInclude>
    <ClInclude Include="..\Classes\action\Jump.h">
      <Filter>src\action</Filter>
    </ClInclude>
    <ClInclude Include="..\Classes\action\MoveLR.h">
      <Filter>src\action</Filter>
    </ClInclude>
    <ClInclude Include="..\Classes\action\ActionMng.h">
      <Filter>src\action</Filter>
    </ClInclude>
    <ClInclude Include="..\Classes\action\ChangeLR.h">
      <Filter>src\action</Filter>
    </ClInclude>
    <ClInclude Include="..\Classes\action\CheckKey.h">
      <Filter>src\action\check</Filter>
    </ClInclude>
    <ClInclude Include="..\Classes\action\CheckList.h">
      <Filter>src\action\check</Filter>
    </ClInclude>
    <ClInclude Include="..\Classes\action\Colision.h">
      <Filter>src\action\check</Filter>
    </ClInclude>
  </ItemGroup>
  <ItemGroup>
    <ResourceCompile Include="game.rc">
      <Filter>resource</Filter>
    </ResourceCompile>
  </ItemGroup>
</Project>